
Microsoft Visual Studio Solution File, Format Version 12.00
# Visual Studio 2012
Project("{FAE04EC0-301F-11D3-BF4B-00C04F79EFBC}") = "Atma.Framework", "Core\Atma.Framework\Atma.Framework.csproj", "{6B357F46-C4C8-4BF6-8F15-BB4957CC68D0}"
EndProject
Project("{FAE04EC0-301F-11D3-BF4B-00C04F79EFBC}") = "Atma.Samples.BulletHell", "Samples\Atma.Samples.BulletHell\Atma.Samples.BulletHell.csproj", "{354E1286-4E33-4B90-A832-A38C3EDFA9CB}"
EndProject
Project("{FAE04EC0-301F-11D3-BF4B-00C04F79EFBC}") = "Atma.GUI", "Core\Atma.GUI\Atma.GUI.csproj", "{1193A3DF-E04E-4794-B7B0-6F24F6981B8E}"
EndProject
Project("{2150E333-8FDC-42A3-9474-1A3956D46DE8}") = "Subsystems", "Subsystems", "{E5A8E283-10EB-4DE0-8939-09F03DEBC3F6}"
EndProject
Project("{2150E333-8FDC-42A3-9474-1A3956D46DE8}") = "ComponentSystems", "ComponentSystems", "{909E1882-9D3C-4941-8CA2-34989EE6575C}"
EndProject
Project("{FAE04EC0-301F-11D3-BF4B-00C04F79EFBC}") = "Atma.ComponentSystem", "Core\ComponenetSystems\Atma.ComponentSystem\Atma.ComponentSystem.csproj", "{24016FB5-D36A-464E-9FE2-6D994F1272D4}"
EndProject
Project("{FAE04EC0-301F-11D3-BF4B-00C04F79EFBC}") = "Atma.Subsystem.BindableInput", "Core\Subsystems\Atma.Subsystem.BindableInput\Atma.Subsystem.BindableInput.csproj", "{FAA22717-8925-4149-A5B7-EB81FC6421F0}"
EndProject
Project("{2150E333-8FDC-42A3-9474-1A3956D46DE8}") = "Submodules", "Submodules", "{D24EBD2A-3B0C-43AD-9933-65BDA619E0C1}"
EndProject
Project("{FAE04EC0-301F-11D3-BF4B-00C04F79EFBC}") = "MonoGame.Framework.Windows", "..\Submodules\MonoGame\MonoGame.Framework\MonoGame.Framework.Windows.csproj", "{7DE47032-A904-4C29-BD22-2D235E8D91BA}"
EndProject
Project("{FAE04EC0-301F-11D3-BF4B-00C04F79EFBC}") = "Newtonsoft.Json.Net40", "..\Submodules\Json.NET\Src\Newtonsoft.Json\Newtonsoft.Json.Net40.csproj", "{A9AE40FF-1A21-414A-9FE7-3BE13644CC6D}"
EndProject
Project("{FAE04EC0-301F-11D3-BF4B-00C04F79EFBC}") = "Atma.Samples.Sandbox", "Samples\Atma.Samples.Sandbox\Atma.Samples.Sandbox.csproj", "{66B23BD8-0EF2-4C1A-8419-07008B00D99F}"
EndProject
Project("{FAE04EC0-301F-11D3-BF4B-00C04F79EFBC}") = "Atma", "Core\Atma\Atma.csproj", "{9DB7B68C-4793-451D-AA84-C17898B8A8BE}"
EndProject
Project("{FAE04EC0-301F-11D3-BF4B-00C04F79EFBC}") = "Atma.MonoGame", "Core\RenderSystems\Atma.MonoGame\Atma.MonoGame.csproj", "{A811D04B-B6DB-4702-ACB1-E20979AE3B6D}"
EndProject
Project("{2150E333-8FDC-42A3-9474-1A3956D46DE8}") = "RenderSystems", "RenderSystems", "{BDA6C59F-D669-4F77-BCF5-EFB27A09E43C}"
EndProject
Project("{FAE04EC0-301F-11D3-BF4B-00C04F79EFBC}") = "Atma.Tests", "Core\Tests\Atma.Tests\Atma.Tests.csproj", "{6420AA0B-51B3-4631-A33D-339B882C5E54}"
EndProject
Global
	GlobalSection(SolutionConfigurationPlatforms) = preSolution
		Debug|Any CPU = Debug|Any CPU
		Debug|x86 = Debug|x86
		Release|Any CPU = Release|Any CPU
		Release|x86 = Release|x86
	EndGlobalSection
	GlobalSection(ProjectConfigurationPlatforms) = postSolution
		{6B357F46-C4C8-4BF6-8F15-BB4957CC68D0}.Debug|Any CPU.ActiveCfg = Debug|x86
		{6B357F46-C4C8-4BF6-8F15-BB4957CC68D0}.Debug|x86.ActiveCfg = Debug|x86
		{6B357F46-C4C8-4BF6-8F15-BB4957CC68D0}.Debug|x86.Build.0 = Debug|x86
		{6B357F46-C4C8-4BF6-8F15-BB4957CC68D0}.Release|Any CPU.ActiveCfg = Release|x86
		{6B357F46-C4C8-4BF6-8F15-BB4957CC68D0}.Release|x86.ActiveCfg = Release|x86
		{354E1286-4E33-4B90-A832-A38C3EDFA9CB}.Debug|Any CPU.ActiveCfg = Debug|x86
		{354E1286-4E33-4B90-A832-A38C3EDFA9CB}.Debug|x86.ActiveCfg = Debug|x86
		{354E1286-4E33-4B90-A832-A38C3EDFA9CB}.Debug|x86.Build.0 = Debug|x86
		{354E1286-4E33-4B90-A832-A38C3EDFA9CB}.Release|Any CPU.ActiveCfg = Release|x86
		{354E1286-4E33-4B90-A832-A38C3EDFA9CB}.Release|x86.ActiveCfg = Release|x86
		{1193A3DF-E04E-4794-B7B0-6F24F6981B8E}.Debug|Any CPU.ActiveCfg = Debug|x86
		{1193A3DF-E04E-4794-B7B0-6F24F6981B8E}.Debug|x86.ActiveCfg = Debug|x86
		{1193A3DF-E04E-4794-B7B0-6F24F6981B8E}.Debug|x86.Build.0 = Debug|x86
		{1193A3DF-E04E-4794-B7B0-6F24F6981B8E}.Release|Any CPU.ActiveCfg = Release|x86
		{1193A3DF-E04E-4794-B7B0-6F24F6981B8E}.Release|x86.ActiveCfg = Release|x86
		{24016FB5-D36A-464E-9FE2-6D994F1272D4}.Debug|Any CPU.ActiveCfg = Debug|x86
		{24016FB5-D36A-464E-9FE2-6D994F1272D4}.Debug|x86.ActiveCfg = Debug|x86
		{24016FB5-D36A-464E-9FE2-6D994F1272D4}.Release|Any CPU.ActiveCfg = Release|x86
		{24016FB5-D36A-464E-9FE2-6D994F1272D4}.Release|x86.ActiveCfg = Release|x86
		{FAA22717-8925-4149-A5B7-EB81FC6421F0}.Debug|Any CPU.ActiveCfg = Debug|x86
		{FAA22717-8925-4149-A5B7-EB81FC6421F0}.Debug|x86.ActiveCfg = Debug|x86
		{FAA22717-8925-4149-A5B7-EB81FC6421F0}.Release|Any CPU.ActiveCfg = Release|x86
		{FAA22717-8925-4149-A5B7-EB81FC6421F0}.Release|x86.ActiveCfg = Release|x86
		{7DE47032-A904-4C29-BD22-2D235E8D91BA}.Debug|Any CPU.ActiveCfg = Debug|Any CPU
		{7DE47032-A904-4C29-BD22-2D235E8D91BA}.Debug|Any CPU.Build.0 = Debug|Any CPU
		{7DE47032-A904-4C29-BD22-2D235E8D91BA}.Debug|x86.ActiveCfg = Debug|x86
		{7DE47032-A904-4C29-BD22-2D235E8D91BA}.Debug|x86.Build.0 = Debug|x86
		{7DE47032-A904-4C29-BD22-2D235E8D91BA}.Release|Any CPU.ActiveCfg = Release|Any CPU
		{7DE47032-A904-4C29-BD22-2D235E8D91BA}.Release|Any CPU.Build.0 = Release|Any CPU
		{7DE47032-A904-4C29-BD22-2D235E8D91BA}.Release|x86.ActiveCfg = Release|x86
		{7DE47032-A904-4C29-BD22-2D235E8D91BA}.Release|x86.Build.0 = Release|x86
		{A9AE40FF-1A21-414A-9FE7-3BE13644CC6D}.Debug|Any CPU.ActiveCfg = Debug|Any CPU
		{A9AE40FF-1A21-414A-9FE7-3BE13644CC6D}.Debug|Any CPU.Build.0 = Debug|Any CPU
		{A9AE40FF-1A21-414A-9FE7-3BE13644CC6D}.Debug|x86.ActiveCfg = Debug|x86
		{A9AE40FF-1A21-414A-9FE7-3BE13644CC6D}.Debug|x86.Build.0 = Debug|x86
		{A9AE40FF-1A21-414A-9FE7-3BE13644CC6D}.Release|Any CPU.ActiveCfg = Release|Any CPU
		{A9AE40FF-1A21-414A-9FE7-3BE13644CC6D}.Release|Any CPU.Build.0 = Release|Any CPU
		{A9AE40FF-1A21-414A-9FE7-3BE13644CC6D}.Release|x86.ActiveCfg = Release|x86
		{A9AE40FF-1A21-414A-9FE7-3BE13644CC6D}.Release|x86.Build.0 = Release|x86
		{66B23BD8-0EF2-4C1A-8419-07008B00D99F}.Debug|Any CPU.ActiveCfg = Debug|x86
		{66B23BD8-0EF2-4C1A-8419-07008B00D99F}.Debug|x86.ActiveCfg = Debug|x86
		{66B23BD8-0EF2-4C1A-8419-07008B00D99F}.Debug|x86.Build.0 = Debug|x86
		{66B23BD8-0EF2-4C1A-8419-07008B00D99F}.Release|Any CPU.ActiveCfg = Release|x86
		{66B23BD8-0EF2-4C1A-8419-07008B00D99F}.Release|x86.ActiveCfg = Release|x86
		{9DB7B68C-4793-451D-AA84-C17898B8A8BE}.Debug|Any CPU.ActiveCfg = Debug|Any CPU
		{9DB7B68C-4793-451D-AA84-C17898B8A8BE}.Debug|Any CPU.Build.0 = Debug|Any CPU
		{9DB7B68C-4793-451D-AA84-C17898B8A8BE}.Debug|x86.ActiveCfg = Debug|x86
		{9DB7B68C-4793-451D-AA84-C17898B8A8BE}.Release|Any CPU.ActiveCfg = Release|Any CPU
		{9DB7B68C-4793-451D-AA84-C17898B8A8BE}.Release|Any CPU.Build.0 = Release|Any CPU
		{9DB7B68C-4793-451D-AA84-C17898B8A8BE}.Release|x86.ActiveCfg = Release|x86
		{9DB7B68C-4793-451D-AA84-C17898B8A8BE}.Release|x86.Build.0 = Release|x86
		{A811D04B-B6DB-4702-ACB1-E20979AE3B6D}.Debug|Any CPU.ActiveCfg = Debug|Any CPU
		{A811D04B-B6DB-4702-ACB1-E20979AE3B6D}.Debug|Any CPU.Build.0 = Debug|Any CPU
		{A811D04B-B6DB-4702-ACB1-E20979AE3B6D}.Debug|x86.ActiveCfg = Debug|x86
		{A811D04B-B6DB-4702-ACB1-E20979AE3B6D}.Debug|x86.Build.0 = Debug|x86
		{A811D04B-B6DB-4702-ACB1-E20979AE3B6D}.Release|Any CPU.ActiveCfg = Release|Any CPU
		{A811D04B-B6DB-4702-ACB1-E20979AE3B6D}.Release|Any CPU.Build.0 = Release|Any CPU
		{A811D04B-B6DB-4702-ACB1-E20979AE3B6D}.Release|x86.ActiveCfg = Release|x86
		{A811D04B-B6DB-4702-ACB1-E20979AE3B6D}.Release|x86.Build.0 = Release|x86
		{6420AA0B-51B3-4631-A33D-339B882C5E54}.Debug|Any CPU.ActiveCfg = Debug|Any CPU
		{6420AA0B-51B3-4631-A33D-339B882C5E54}.Debug|Any CPU.Build.0 = Debug|Any CPU
		{6420AA0B-51B3-4631-A33D-339B882C5E54}.Debug|x86.ActiveCfg = Debug|x86
		{6420AA0B-51B3-4631-A33D-339B882C5E54}.Debug|x86.Build.0 = Debug|x86
		{6420AA0B-51B3-4631-A33D-339B882C5E54}.Release|Any CPU.ActiveCfg = Release|Any CPU
		{6420AA0B-51B3-4631-A33D-339B882C5E54}.Release|Any CPU.Build.0 = Release|Any CPU
		{6420AA0B-51B3-4631-A33D-339B882C5E54}.Release|x86.ActiveCfg = Release|x86
		{6420AA0B-51B3-4631-A33D-339B882C5E54}.Release|x86.Build.0 = Release|x86
	EndGlobalSection
	GlobalSection(SolutionProperties) = preSolution
		HideSolutionNode = FALSE
	EndGlobalSection
	GlobalSection(NestedProjects) = preSolution
		{FAA22717-8925-4149-A5B7-EB81FC6421F0} = {E5A8E283-10EB-4DE0-8939-09F03DEBC3F6}
		{24016FB5-D36A-464E-9FE2-6D994F1272D4} = {909E1882-9D3C-4941-8CA2-34989EE6575C}
		{7DE47032-A904-4C29-BD22-2D235E8D91BA} = {D24EBD2A-3B0C-43AD-9933-65BDA619E0C1}
		{A9AE40FF-1A21-414A-9FE7-3BE13644CC6D} = {D24EBD2A-3B0C-43AD-9933-65BDA619E0C1}
		{A811D04B-B6DB-4702-ACB1-E20979AE3B6D} = {BDA6C59F-D669-4F77-BCF5-EFB27A09E43C}
	EndGlobalSection
EndGlobal
